
Microsoft Visual Studio Solution File, Format Version 12.00
# Visual Studio Version 17
VisualStudioVersion = 17.13.35825.156
MinimumVisualStudioVersion = 10.0.40219.1
Project("{FAE04EC0-301F-11D3-BF4B-00C04F79EFBC}") = "OpenAiFileReport", "OpenAiRealEstate\OpenAiFileReport.csproj", "{5473A1FF-E633-47BA-B241-B9D8F69FB5A3}"
EndProject
Global
	GlobalSection(SolutionConfigurationPlatforms) = preSolution
		Debug|Any CPU = Debug|Any CPU
		Release|Any CPU = Release|Any CPU
	EndGlobalSection
	GlobalSection(ProjectConfigurationPlatforms) = postSolution
		{5473A1FF-E633-47BA-B241-B9D8F69FB5A3}.Debug|Any CPU.ActiveCfg = Debug|Any CPU
		{5473A1FF-E633-47BA-B241-B9D8F69FB5A3}.Debug|Any CPU.Build.0 = Debug|Any CPU
		{5473A1FF-E633-47BA-B241-B9D8F69FB5A3}.Release|Any CPU.ActiveCfg = Release|Any CPU
		{5473A1FF-E633-47BA-B241-B9D8F69FB5A3}.Release|Any CPU.Build.0 = Release|Any CPU
	EndGlobalSection
	GlobalSection(SolutionProperties) = preSolution
		HideSolutionNode = FALSE
	EndGlobalSection
	GlobalSection(ExtensibilityGlobals) = postSolution
		SolutionGuid = {39492EB4-BAB6-44BA-96F3-A4EBA62A074B}
	EndGlobalSection
EndGlobal
